{
  "object": {
    "pins": [
      {
        "package": "OpenAPIKit",
        "repositoryURL": "https://github.com/mattpolzin/OpenAPIKit.git",
        "state": {
          "branch": null,
          "revision": "e805233e54afd394937cecb0a28e575b3388f60f",
          "version": "3.0.0-alpha.9"
        }
      },
      {
        "package": "ServiceModelSwiftCodeGenerate",
        "repositoryURL": "https://github.com/amzn/service-model-swift-code-generate",
        "state": {
          "branch": null,
          "revision": "b9d45b4d05196c26247d4bd3aca83c1e53eed72c",
          "version": "3.0.2"
        }
      },
      {
        "package": "SwaggerParser",
        "repositoryURL": "https://github.com/knovichikhin/SwaggerParser.git",
        "state": {
          "branch": null,
          "revision": "c0eb70485c59a9d7dd6765dcd303b49fdb3040ee",
          "version": "0.6.4"
        }
      },
      {
        "package": "Yams",
        "repositoryURL": "https://github.com/jpsim/Yams.git",
        "state": {
          "branch": null,
          "revision": "9ff1cc9327586db4e0c8f46f064b6a82ec1566fa",
          "version": "4.0.6"
        }
      }
    ]
  },
  "version": 1
}
